<?xml version="1.0" encoding="utf-8"?>
<Project ToolsVersion="17.0" xmlns="http://schemas.microsoft.com/developer/msbuild/2003">
  <ItemGroup>
    <CustomBuild Include="C:\DATA\TTS\whisper.cpp\CMakeFiles\6d5b350ed174b9b197ebffe2b5c93b0b\INSTALL_force.rule">
      <Filter>CMake Rules</Filter>
    </CustomBuild>
  </ItemGroup>
  <ItemGroup>
    <Filter Include="CMake Rules">
      <UniqueIdentifier>{141B9156-1B46-3297-BF84-D6EB9B23A375}</UniqueIdentifier>
    </Filter>
  </ItemGroup>
</Project>
