
Microsoft Visual Studio Solution File, Format Version 12.00
# Visual Studio Version 17
Project("{8BC9CEB8-8B4A-11D0-8D11-00A0C91BC942}") = "ALL_BUILD", "ALL_BUILD.vcxproj", "{3707828A-05F5-3C76-B3E5-FD43F0380731}"
	ProjectSection(ProjectDependencies) = postProject
		{3F85B922-4D24-386F-A219-B4A11428BBEA} = {3F85B922-4D24-386F-A219-B4A11428BBEA}
		{8369FAA3-0EF2-3CC1-8F26-575BC86A53E1} = {8369FAA3-0EF2-3CC1-8F26-575BC86A53E1}
		{CFB2C9BD-1EEC-3AAF-8871-DBF654EDAE93} = {CFB2C9BD-1EEC-3AAF-8871-DBF654EDAE93}
		{C71C319A-FEF2-375E-B177-52F74C736EC3} = {C71C319A-FEF2-375E-B177-52F74C736EC3}
		{434FC88E-1781-34E0-8876-F7E464867F35} = {434FC88E-1781-34E0-8876-F7E464867F35}
		{6EA7F41C-E250-3BB4-83C1-DB04A1DD2C97} = {6EA7F41C-E250-3BB4-83C1-DB04A1DD2C97}
		{3F4C558E-17BD-3BEB-9AB7-EB7779AEA580} = {3F4C558E-17BD-3BEB-9AB7-EB7779AEA580}
		{76F371D7-3262-3688-98A6-9FAD27E30B74} = {76F371D7-3262-3688-98A6-9FAD27E30B74}
	EndProjectSection
EndProject
Project("{8BC9CEB8-8B4A-11D0-8D11-00A0C91BC942}") = "INSTALL", "INSTALL.vcxproj", "{AEDB5CAD-1C2B-330A-BBA4-D7B6A2831141}"
	ProjectSection(ProjectDependencies) = postProject
		{3707828A-05F5-3C76-B3E5-FD43F0380731} = {3707828A-05F5-3C76-B3E5-FD43F0380731}
		{3F85B922-4D24-386F-A219-B4A11428BBEA} = {3F85B922-4D24-386F-A219-B4A11428BBEA}
	EndProjectSection
EndProject
Project("{8BC9CEB8-8B4A-11D0-8D11-00A0C91BC942}") = "RUN_TESTS", "RUN_TESTS.vcxproj", "{21F145C8-A692-3374-991C-FD172EE976E0}"
	ProjectSection(ProjectDependencies) = postProject
		{3F85B922-4D24-386F-A219-B4A11428BBEA} = {3F85B922-4D24-386F-A219-B4A11428BBEA}
	EndProjectSection
EndProject
Project("{8BC9CEB8-8B4A-11D0-8D11-00A0C91BC942}") = "ZERO_CHECK", "ZERO_CHECK.vcxproj", "{3F85B922-4D24-386F-A219-B4A11428BBEA}"
	ProjectSection(ProjectDependencies) = postProject
	EndProjectSection
EndProject
Project("{8BC9CEB8-8B4A-11D0-8D11-00A0C91BC942}") = "bench", "examples\bench\bench.vcxproj", "{8369FAA3-0EF2-3CC1-8F26-575BC86A53E1}"
	ProjectSection(ProjectDependencies) = postProject
		{3F85B922-4D24-386F-A219-B4A11428BBEA} = {3F85B922-4D24-386F-A219-B4A11428BBEA}
		{76F371D7-3262-3688-98A6-9FAD27E30B74} = {76F371D7-3262-3688-98A6-9FAD27E30B74}
	EndProjectSection
EndProject
Project("{8BC9CEB8-8B4A-11D0-8D11-00A0C91BC942}") = "common", "examples\common.vcxproj", "{CFB2C9BD-1EEC-3AAF-8871-DBF654EDAE93}"
	ProjectSection(ProjectDependencies) = postProject
		{3F85B922-4D24-386F-A219-B4A11428BBEA} = {3F85B922-4D24-386F-A219-B4A11428BBEA}
		{76F371D7-3262-3688-98A6-9FAD27E30B74} = {76F371D7-3262-3688-98A6-9FAD27E30B74}
	EndProjectSection
EndProject
Project("{8BC9CEB8-8B4A-11D0-8D11-00A0C91BC942}") = "main", "examples\main\main.vcxproj", "{C71C319A-FEF2-375E-B177-52F74C736EC3}"
	ProjectSection(ProjectDependencies) = postProject
		{3F85B922-4D24-386F-A219-B4A11428BBEA} = {3F85B922-4D24-386F-A219-B4A11428BBEA}
		{CFB2C9BD-1EEC-3AAF-8871-DBF654EDAE93} = {CFB2C9BD-1EEC-3AAF-8871-DBF654EDAE93}
		{76F371D7-3262-3688-98A6-9FAD27E30B74} = {76F371D7-3262-3688-98A6-9FAD27E30B74}
	EndProjectSection
EndProject
Project("{8BC9CEB8-8B4A-11D0-8D11-00A0C91BC942}") = "quantize", "examples\quantize\quantize.vcxproj", "{434FC88E-1781-34E0-8876-F7E464867F35}"
	ProjectSection(ProjectDependencies) = postProject
		{3F85B922-4D24-386F-A219-B4A11428BBEA} = {3F85B922-4D24-386F-A219-B4A11428BBEA}
		{CFB2C9BD-1EEC-3AAF-8871-DBF654EDAE93} = {CFB2C9BD-1EEC-3AAF-8871-DBF654EDAE93}
		{76F371D7-3262-3688-98A6-9FAD27E30B74} = {76F371D7-3262-3688-98A6-9FAD27E30B74}
	EndProjectSection
EndProject
Project("{8BC9CEB8-8B4A-11D0-8D11-00A0C91BC942}") = "server", "examples\server\server.vcxproj", "{6EA7F41C-E250-3BB4-83C1-DB04A1DD2C97}"
	ProjectSection(ProjectDependencies) = postProject
		{3F85B922-4D24-386F-A219-B4A11428BBEA} = {3F85B922-4D24-386F-A219-B4A11428BBEA}
		{CFB2C9BD-1EEC-3AAF-8871-DBF654EDAE93} = {CFB2C9BD-1EEC-3AAF-8871-DBF654EDAE93}
		{76F371D7-3262-3688-98A6-9FAD27E30B74} = {76F371D7-3262-3688-98A6-9FAD27E30B74}
	EndProjectSection
EndProject
Project("{8BC9CEB8-8B4A-11D0-8D11-00A0C91BC942}") = "wchess-core", "examples\wchess\libwchess\wchess-core.vcxproj", "{3F4C558E-17BD-3BEB-9AB7-EB7779AEA580}"
	ProjectSection(ProjectDependencies) = postProject
		{3F85B922-4D24-386F-A219-B4A11428BBEA} = {3F85B922-4D24-386F-A219-B4A11428BBEA}
		{CFB2C9BD-1EEC-3AAF-8871-DBF654EDAE93} = {CFB2C9BD-1EEC-3AAF-8871-DBF654EDAE93}
		{76F371D7-3262-3688-98A6-9FAD27E30B74} = {76F371D7-3262-3688-98A6-9FAD27E30B74}
	EndProjectSection
EndProject
Project("{8BC9CEB8-8B4A-11D0-8D11-00A0C91BC942}") = "whisper", "whisper.vcxproj", "{76F371D7-3262-3688-98A6-9FAD27E30B74}"
	ProjectSection(ProjectDependencies) = postProject
		{3F85B922-4D24-386F-A219-B4A11428BBEA} = {3F85B922-4D24-386F-A219-B4A11428BBEA}
	EndProjectSection
EndProject
Global
	GlobalSection(SolutionConfigurationPlatforms) = preSolution
		Debug|x64 = Debug|x64
		Release|x64 = Release|x64
		MinSizeRel|x64 = MinSizeRel|x64
		RelWithDebInfo|x64 = RelWithDebInfo|x64
	EndGlobalSection
	GlobalSection(ProjectConfigurationPlatforms) = postSolution
		{3707828A-05F5-3C76-B3E5-FD43F0380731}.Debug|x64.ActiveCfg = Debug|x64
		{3707828A-05F5-3C76-B3E5-FD43F0380731}.Debug|x64.Build.0 = Debug|x64
		{3707828A-05F5-3C76-B3E5-FD43F0380731}.Release|x64.ActiveCfg = Release|x64
		{3707828A-05F5-3C76-B3E5-FD43F0380731}.Release|x64.Build.0 = Release|x64
		{3707828A-05F5-3C76-B3E5-FD43F0380731}.MinSizeRel|x64.ActiveCfg = MinSizeRel|x64
		{3707828A-05F5-3C76-B3E5-FD43F0380731}.MinSizeRel|x64.Build.0 = MinSizeRel|x64
		{3707828A-05F5-3C76-B3E5-FD43F0380731}.RelWithDebInfo|x64.ActiveCfg = RelWithDebInfo|x64
		{3707828A-05F5-3C76-B3E5-FD43F0380731}.RelWithDebInfo|x64.Build.0 = RelWithDebInfo|x64
		{AEDB5CAD-1C2B-330A-BBA4-D7B6A2831141}.Debug|x64.ActiveCfg = Debug|x64
		{AEDB5CAD-1C2B-330A-BBA4-D7B6A2831141}.Release|x64.ActiveCfg = Release|x64
		{AEDB5CAD-1C2B-330A-BBA4-D7B6A2831141}.MinSizeRel|x64.ActiveCfg = MinSizeRel|x64
		{AEDB5CAD-1C2B-330A-BBA4-D7B6A2831141}.RelWithDebInfo|x64.ActiveCfg = RelWithDebInfo|x64
		{21F145C8-A692-3374-991C-FD172EE976E0}.Debug|x64.ActiveCfg = Debug|x64
		{21F145C8-A692-3374-991C-FD172EE976E0}.Release|x64.ActiveCfg = Release|x64
		{21F145C8-A692-3374-991C-FD172EE976E0}.MinSizeRel|x64.ActiveCfg = MinSizeRel|x64
		{21F145C8-A692-3374-991C-FD172EE976E0}.RelWithDebInfo|x64.ActiveCfg = RelWithDebInfo|x64
		{3F85B922-4D24-386F-A219-B4A11428BBEA}.Debug|x64.ActiveCfg = Debug|x64
		{3F85B922-4D24-386F-A219-B4A11428BBEA}.Debug|x64.Build.0 = Debug|x64
		{3F85B922-4D24-386F-A219-B4A11428BBEA}.Release|x64.ActiveCfg = Release|x64
		{3F85B922-4D24-386F-A219-B4A11428BBEA}.Release|x64.Build.0 = Release|x64
		{3F85B922-4D24-386F-A219-B4A11428BBEA}.MinSizeRel|x64.ActiveCfg = MinSizeRel|x64
		{3F85B922-4D24-386F-A219-B4A11428BBEA}.MinSizeRel|x64.Build.0 = MinSizeRel|x64
		{3F85B922-4D24-386F-A219-B4A11428BBEA}.RelWithDebInfo|x64.ActiveCfg = RelWithDebInfo|x64
		{3F85B922-4D24-386F-A219-B4A11428BBEA}.RelWithDebInfo|x64.Build.0 = RelWithDebInfo|x64
		{8369FAA3-0EF2-3CC1-8F26-575BC86A53E1}.Debug|x64.ActiveCfg = Debug|x64
		{8369FAA3-0EF2-3CC1-8F26-575BC86A53E1}.Debug|x64.Build.0 = Debug|x64
		{8369FAA3-0EF2-3CC1-8F26-575BC86A53E1}.Release|x64.ActiveCfg = Release|x64
		{8369FAA3-0EF2-3CC1-8F26-575BC86A53E1}.Release|x64.Build.0 = Release|x64
		{8369FAA3-0EF2-3CC1-8F26-575BC86A53E1}.MinSizeRel|x64.ActiveCfg = MinSizeRel|x64
		{8369FAA3-0EF2-3CC1-8F26-575BC86A53E1}.MinSizeRel|x64.Build.0 = MinSizeRel|x64
		{8369FAA3-0EF2-3CC1-8F26-575BC86A53E1}.RelWithDebInfo|x64.ActiveCfg = RelWithDebInfo|x64
		{8369FAA3-0EF2-3CC1-8F26-575BC86A53E1}.RelWithDebInfo|x64.Build.0 = RelWithDebInfo|x64
		{CFB2C9BD-1EEC-3AAF-8871-DBF654EDAE93}.Debug|x64.ActiveCfg = Debug|x64
		{CFB2C9BD-1EEC-3AAF-8871-DBF654EDAE93}.Debug|x64.Build.0 = Debug|x64
		{CFB2C9BD-1EEC-3AAF-8871-DBF654EDAE93}.Release|x64.ActiveCfg = Release|x64
		{CFB2C9BD-1EEC-3AAF-8871-DBF654EDAE93}.Release|x64.Build.0 = Release|x64
		{CFB2C9BD-1EEC-3AAF-8871-DBF654EDAE93}.MinSizeRel|x64.ActiveCfg = MinSizeRel|x64
		{CFB2C9BD-1EEC-3AAF-8871-DBF654EDAE93}.MinSizeRel|x64.Build.0 = MinSizeRel|x64
		{CFB2C9BD-1EEC-3AAF-8871-DBF654EDAE93}.RelWithDebInfo|x64.ActiveCfg = RelWithDebInfo|x64
		{CFB2C9BD-1EEC-3AAF-8871-DBF654EDAE93}.RelWithDebInfo|x64.Build.0 = RelWithDebInfo|x64
		{C71C319A-FEF2-375E-B177-52F74C736EC3}.Debug|x64.ActiveCfg = Debug|x64
		{C71C319A-FEF2-375E-B177-52F74C736EC3}.Debug|x64.Build.0 = Debug|x64
		{C71C319A-FEF2-375E-B177-52F74C736EC3}.Release|x64.ActiveCfg = Release|x64
		{C71C319A-FEF2-375E-B177-52F74C736EC3}.Release|x64.Build.0 = Release|x64
		{C71C319A-FEF2-375E-B177-52F74C736EC3}.MinSizeRel|x64.ActiveCfg = MinSizeRel|x64
		{C71C319A-FEF2-375E-B177-52F74C736EC3}.MinSizeRel|x64.Build.0 = MinSizeRel|x64
		{C71C319A-FEF2-375E-B177-52F74C736EC3}.RelWithDebInfo|x64.ActiveCfg = RelWithDebInfo|x64
		{C71C319A-FEF2-375E-B177-52F74C736EC3}.RelWithDebInfo|x64.Build.0 = RelWithDebInfo|x64
		{434FC88E-1781-34E0-8876-F7E464867F35}.Debug|x64.ActiveCfg = Debug|x64
		{434FC88E-1781-34E0-8876-F7E464867F35}.Debug|x64.Build.0 = Debug|x64
		{434FC88E-1781-34E0-8876-F7E464867F35}.Release|x64.ActiveCfg = Release|x64
		{434FC88E-1781-34E0-8876-F7E464867F35}.Release|x64.Build.0 = Release|x64
		{434FC88E-1781-34E0-8876-F7E464867F35}.MinSizeRel|x64.ActiveCfg = MinSizeRel|x64
		{434FC88E-1781-34E0-8876-F7E464867F35}.MinSizeRel|x64.Build.0 = MinSizeRel|x64
		{434FC88E-1781-34E0-8876-F7E464867F35}.RelWithDebInfo|x64.ActiveCfg = RelWithDebInfo|x64
		{434FC88E-1781-34E0-8876-F7E464867F35}.RelWithDebInfo|x64.Build.0 = RelWithDebInfo|x64
		{6EA7F41C-E250-3BB4-83C1-DB04A1DD2C97}.Debug|x64.ActiveCfg = Debug|x64
		{6EA7F41C-E250-3BB4-83C1-DB04A1DD2C97}.Debug|x64.Build.0 = Debug|x64
		{6EA7F41C-E250-3BB4-83C1-DB04A1DD2C97}.Release|x64.ActiveCfg = Release|x64
		{6EA7F41C-E250-3BB4-83C1-DB04A1DD2C97}.Release|x64.Build.0 = Release|x64
		{6EA7F41C-E250-3BB4-83C1-DB04A1DD2C97}.MinSizeRel|x64.ActiveCfg = MinSizeRel|x64
		{6EA7F41C-E250-3BB4-83C1-DB04A1DD2C97}.MinSizeRel|x64.Build.0 = MinSizeRel|x64
		{6EA7F41C-E250-3BB4-83C1-DB04A1DD2C97}.RelWithDebInfo|x64.ActiveCfg = RelWithDebInfo|x64
		{6EA7F41C-E250-3BB4-83C1-DB04A1DD2C97}.RelWithDebInfo|x64.Build.0 = RelWithDebInfo|x64
		{3F4C558E-17BD-3BEB-9AB7-EB7779AEA580}.Debug|x64.ActiveCfg = Debug|x64
		{3F4C558E-17BD-3BEB-9AB7-EB7779AEA580}.Debug|x64.Build.0 = Debug|x64
		{3F4C558E-17BD-3BEB-9AB7-EB7779AEA580}.Release|x64.ActiveCfg = Release|x64
		{3F4C558E-17BD-3BEB-9AB7-EB7779AEA580}.Release|x64.Build.0 = Release|x64
		{3F4C558E-17BD-3BEB-9AB7-EB7779AEA580}.MinSizeRel|x64.ActiveCfg = MinSizeRel|x64
		{3F4C558E-17BD-3BEB-9AB7-EB7779AEA580}.MinSizeRel|x64.Build.0 = MinSizeRel|x64
		{3F4C558E-17BD-3BEB-9AB7-EB7779AEA580}.RelWithDebInfo|x64.ActiveCfg = RelWithDebInfo|x64
		{3F4C558E-17BD-3BEB-9AB7-EB7779AEA580}.RelWithDebInfo|x64.Build.0 = RelWithDebInfo|x64
		{76F371D7-3262-3688-98A6-9FAD27E30B74}.Debug|x64.ActiveCfg = Debug|x64
		{76F371D7-3262-3688-98A6-9FAD27E30B74}.Debug|x64.Build.0 = Debug|x64
		{76F371D7-3262-3688-98A6-9FAD27E30B74}.Release|x64.ActiveCfg = Release|x64
		{76F371D7-3262-3688-98A6-9FAD27E30B74}.Release|x64.Build.0 = Release|x64
		{76F371D7-3262-3688-98A6-9FAD27E30B74}.MinSizeRel|x64.ActiveCfg = MinSizeRel|x64
		{76F371D7-3262-3688-98A6-9FAD27E30B74}.MinSizeRel|x64.Build.0 = MinSizeRel|x64
		{76F371D7-3262-3688-98A6-9FAD27E30B74}.RelWithDebInfo|x64.ActiveCfg = RelWithDebInfo|x64
		{76F371D7-3262-3688-98A6-9FAD27E30B74}.RelWithDebInfo|x64.Build.0 = RelWithDebInfo|x64
	EndGlobalSection
	GlobalSection(ExtensibilityGlobals) = postSolution
		SolutionGuid = {0EE69C84-CD45-3DD4-921C-BA7916B5EEA5}
	EndGlobalSection
	GlobalSection(ExtensibilityAddIns) = postSolution
	EndGlobalSection
EndGlobal
