<?xml version="1.0" encoding="utf-8"?>
<Project ToolsVersion="17.0" xmlns="http://schemas.microsoft.com/developer/msbuild/2003">
  <ItemGroup>
    <ClCompile Include="C:\DATA\TTS\whisper.cpp\examples\server\server.cpp">
      <Filter>Source Files</Filter>
    </ClCompile>
  </ItemGroup>
  <ItemGroup>
    <ClInclude Include="C:\DATA\TTS\whisper.cpp\examples\server\httplib.h">
      <Filter>Header Files</Filter>
    </ClInclude>
    <ClInclude Include="C:\DATA\TTS\whisper.cpp\examples\server\json.hpp">
      <Filter>Header Files</Filter>
    </ClInclude>
  </ItemGroup>
  <ItemGroup>
    <CustomBuild Include="C:\DATA\TTS\whisper.cpp\examples\server\CMakeLists.txt" />
  </ItemGroup>
  <ItemGroup>
    <Filter Include="Header Files">
      <UniqueIdentifier>{D752B06A-BCE5-3171-9B17-E46B48E5492F}</UniqueIdentifier>
    </Filter>
    <Filter Include="Source Files">
      <UniqueIdentifier>{46E02B16-DF79-359C-A0F5-3C3AC2C71CE1}</UniqueIdentifier>
    </Filter>
  </ItemGroup>
</Project>
